
Microsoft Visual Studio Solution File, Format Version 12.00
# Visual Studio 15
Project("{FAE04EC0-301F-11D3-BF4B-00C04F79EFBC}") = "Screens", "Screens.csproj", "{7FD0527D-AC71-E1BD-6B08-020E670E3378}"
EndProject
Project("{FAE04EC0-301F-11D3-BF4B-00C04F79EFBC}") = "Screens.Editor", "Screens.Editor.csproj", "{93624C71-9250-A2E9-9405-003F1C6ED462}"
EndProject
Global
	GlobalSection(SolutionConfigurationPlatforms) = preSolution
		Debug|Any CPU = Debug|Any CPU
		Release|Any CPU = Release|Any CPU
	EndGlobalSection
	GlobalSection(ProjectConfigurationPlatforms) = postSolution
		{7FD0527D-AC71-E1BD-6B08-020E670E3378}.Debug|Any CPU.ActiveCfg = Debug|Any CPU
		{7FD0527D-AC71-E1BD-6B08-020E670E3378}.Debug|Any CPU.Build.0 = Debug|Any CPU
		{7FD0527D-AC71-E1BD-6B08-020E670E3378}.Release|Any CPU.ActiveCfg = Release|Any CPU
		{7FD0527D-AC71-E1BD-6B08-020E670E3378}.Release|Any CPU.Build.0 = Release|Any CPU
		{93624C71-9250-A2E9-9405-003F1C6ED462}.Debug|Any CPU.ActiveCfg = Debug|Any CPU
		{93624C71-9250-A2E9-9405-003F1C6ED462}.Debug|Any CPU.Build.0 = Debug|Any CPU
		{93624C71-9250-A2E9-9405-003F1C6ED462}.Release|Any CPU.ActiveCfg = Release|Any CPU
		{93624C71-9250-A2E9-9405-003F1C6ED462}.Release|Any CPU.Build.0 = Release|Any CPU
	EndGlobalSection
	GlobalSection(SolutionProperties) = preSolution
		HideSolutionNode = FALSE
	EndGlobalSection
EndGlobal
